{
  "name": "playwright-graphql-demo",
  "version": "1.0.0",
  "lockfileVersion": 3,
  "requires": true,
  "packages": {
    "": {
      "name": "playwright-graphql-demo",
      "version": "1.0.0",
      "license": "ISC",
      "dependencies": {
        "chalk": "^5.2.0",
        "cross-env": "^7.0.3",
        "dotenv": "^16.0.3",
        "faker": "^6.6.6",
        "prettyjson": "^1.2.5",
        "typescript": "^5.0.3"
      },
      "devDependencies": {
        "@faker-js/faker": "^7.6.0",
        "@playwright/test": "^1.32.1"
      }
    },
    "node_modules/@faker-js/faker": {
      "version": "7.6.0",
      "resolved": "https://registry.npmjs.org/@faker-js/faker/-/faker-7.6.0.tgz",
      "integrity": "sha512-XK6BTq1NDMo9Xqw/YkYyGjSsg44fbNwYRx7QK2CuoQgyy+f1rrTDHoExVM5PsyXCtfl2vs2vVJ0MN0yN6LppRw==",
      "dev": true,
      "engines": {
        "node": ">=14.0.0",
        "npm": ">=6.0.0"
      }
    },
    "node_modules/@playwright/test": {
      "version": "1.32.1",
      "resolved": "https://registry.npmjs.org/@playwright/test/-/test-1.32.1.tgz",
      "integrity": "sha512-FTwjCuhlm1qHUGf4hWjfr64UMJD/z0hXYbk+O387Ioe6WdyZQ+0TBDAc6P+pHjx2xCv1VYNgrKbYrNixFWy4Dg==",
      "dev": true,
      "dependencies": {
        "@types/node": "*",
        "playwright-core": "1.32.1"
      },
      "bin": {
        "playwright": "cli.js"
      },
      "engines": {
        "node": ">=14"
      },
      "optionalDependencies": {
        "fsevents": "2.3.2"
      }
    },
    "node_modules/@types/node": {
      "version": "18.15.11",
      "resolved": "https://registry.npmjs.org/@types/node/-/node-18.15.11.tgz",
      "integrity": "sha512-E5Kwq2n4SbMzQOn6wnmBjuK9ouqlURrcZDVfbo9ftDDTFt3nk7ZKK4GMOzoYgnpQJKcxwQw+lGaBvvlMo0qN/Q==",
      "dev": true
    },
    "node_modules/chalk": {
      "version": "5.2.0",
      "resolved": "https://registry.npmjs.org/chalk/-/chalk-5.2.0.tgz",
      "integrity": "sha512-ree3Gqw/nazQAPuJJEy+avdl7QfZMcUvmHIKgEZkGL+xOBzRvup5Hxo6LHuMceSxOabuJLJm5Yp/92R9eMmMvA==",
      "engines": {
        "node": "^12.17.0 || ^14.13 || >=16.0.0"
      },
      "funding": {
        "url": "https://github.com/chalk/chalk?sponsor=1"
      }
    },
    "node_modules/colors": {
      "version": "1.4.0",
      "resolved": "https://registry.npmjs.org/colors/-/colors-1.4.0.tgz",
      "integrity": "sha512-a+UqTh4kgZg/SlGvfbzDHpgRu7AAQOmmqRHJnxhRZICKFUT91brVhNNt58CMWU9PsBbv3PDCZUHbVxuDiH2mtA==",
      "engines": {
        "node": ">=0.1.90"
      }
    },
    "node_modules/cross-env": {
      "version": "7.0.3",
      "resolved": "https://registry.npmjs.org/cross-env/-/cross-env-7.0.3.tgz",
      "integrity": "sha512-+/HKd6EgcQCJGh2PSjZuUitQBQynKor4wrFbRg4DtAgS1aWO+gU52xpH7M9ScGgXSYmAVS9bIJ8EzuaGw0oNAw==",
      "dependencies": {
        "cross-spawn": "^7.0.1"
      },
      "bin": {
        "cross-env": "src/bin/cross-env.js",
        "cross-env-shell": "src/bin/cross-env-shell.js"
      },
      "engines": {
        "node": ">=10.14",
        "npm": ">=6",
        "yarn": ">=1"
      }
    },
    "node_modules/cross-spawn": {
      "version": "7.0.3",
      "resolved": "https://registry.npmjs.org/cross-spawn/-/cross-spawn-7.0.3.tgz",
      "integrity": "sha512-iRDPJKUPVEND7dHPO8rkbOnPpyDygcDFtWjpeWNCgy8WP2rXcxXL8TskReQl6OrB2G7+UJrags1q15Fudc7G6w==",
      "dependencies": {
        "path-key": "^3.1.0",
        "shebang-command": "^2.0.0",
        "which": "^2.0.1"
      },
      "engines": {
        "node": ">= 8"
      }
    },
    "node_modules/dotenv": {
      "version": "16.0.3",
      "resolved": "https://registry.npmjs.org/dotenv/-/dotenv-16.0.3.tgz",
      "integrity": "sha512-7GO6HghkA5fYG9TYnNxi14/7K9f5occMlp3zXAuSxn7CKCxt9xbNWG7yF8hTCSUchlfWSe3uLmlPfigevRItzQ==",
      "engines": {
        "node": ">=12"
      }
    },
    "node_modules/faker": {
      "version": "6.6.6",
      "resolved": "https://registry.npmjs.org/faker/-/faker-6.6.6.tgz",
      "integrity": "sha512-9tCqYEDHI5RYFQigXFwF1hnCwcWCOJl/hmll0lr5D2Ljjb0o4wphb69wikeJDz5qCEzXCoPvG6ss5SDP6IfOdg=="
    },
    "node_modules/fsevents": {
      "version": "2.3.2",
      "resolved": "https://registry.npmjs.org/fsevents/-/fsevents-2.3.2.tgz",
      "integrity": "sha512-xiqMQR4xAeHTuB9uWm+fFRcIOgKBMiOBP+eXiyT7jsgVCq1bkVygt00oASowB7EdtpOHaaPgKt812P9ab+DDKA==",
      "dev": true,
      "hasInstallScript": true,
      "optional": true,
      "os": [
        "darwin"
      ],
      "engines": {
        "node": "^8.16.0 || ^10.6.0 || >=11.0.0"
      }
    },
    "node_modules/isexe": {
      "version": "2.0.0",
      "resolved": "https://registry.npmjs.org/isexe/-/isexe-2.0.0.tgz",
      "integrity": "sha512-RHxMLp9lnKHGHRng9QFhRCMbYAcVpn69smSGcq3f36xjgVVWThj4qqLbTLlq7Ssj8B+fIQ1EuCEGI2lKsyQeIw=="
    },
    "node_modules/minimist": {
      "version": "1.2.8",
      "resolved": "https://registry.npmjs.org/minimist/-/minimist-1.2.8.tgz",
      "integrity": "sha512-2yyAR8qBkN3YuheJanUpWC5U3bb5osDywNB8RzDVlDwDHbocAJveqqj1u8+SVD7jkWT4yvsHCpWqqWqAxb0zCA==",
      "funding": {
        "url": "https://github.com/sponsors/ljharb"
      }
    },
    "node_modules/path-key": {
      "version": "3.1.1",
      "resolved": "https://registry.npmjs.org/path-key/-/path-key-3.1.1.tgz",
      "integrity": "sha512-ojmeN0qd+y0jszEtoY48r0Peq5dwMEkIlCOu6Q5f41lfkswXuKtYrhgoTpLnyIcHm24Uhqx+5Tqm2InSwLhE6Q==",
      "engines": {
        "node": ">=8"
      }
    },
    "node_modules/playwright-core": {
      "version": "1.32.1",
      "resolved": "https://registry.npmjs.org/playwright-core/-/playwright-core-1.32.1.tgz",
      "integrity": "sha512-KZYUQC10mXD2Am1rGlidaalNGYk3LU1vZqqNk0gT4XPty1jOqgup8KDP8l2CUlqoNKhXM5IfGjWgW37xvGllBA==",
      "dev": true,
      "bin": {
        "playwright": "cli.js"
      },
      "engines": {
        "node": ">=14"
      }
    },
    "node_modules/prettyjson": {
      "version": "1.2.5",
      "resolved": "https://registry.npmjs.org/prettyjson/-/prettyjson-1.2.5.tgz",
      "integrity": "sha512-rksPWtoZb2ZpT5OVgtmy0KHVM+Dca3iVwWY9ifwhcexfjebtgjg3wmrUt9PvJ59XIYBcknQeYHD8IAnVlh9lAw==",
      "dependencies": {
        "colors": "1.4.0",
        "minimist": "^1.2.0"
      },
      "bin": {
        "prettyjson": "bin/prettyjson"
      }
    },
    "node_modules/shebang-command": {
      "version": "2.0.0",
      "resolved": "https://registry.npmjs.org/shebang-command/-/shebang-command-2.0.0.tgz",
      "integrity": "sha512-kHxr2zZpYtdmrN1qDjrrX/Z1rR1kG8Dx+gkpK1G4eXmvXswmcE1hTWBWYUzlraYw1/yZp6YuDY77YtvbN0dmDA==",
      "dependencies": {
        "shebang-regex": "^3.0.0"
      },
      "engines": {
        "node": ">=8"
      }
    },
    "node_modules/shebang-regex": {
      "version": "3.0.0",
      "resolved": "https://registry.npmjs.org/shebang-regex/-/shebang-regex-3.0.0.tgz",
      "integrity": "sha512-7++dFhtcx3353uBaq8DDR4NuxBetBzC7ZQOhmTQInHEd6bSrXdiEyzCvG07Z44UYdLShWUyXt5M/yhz8ekcb1A==",
      "engines": {
        "node": ">=8"
      }
    },
    "node_modules/typescript": {
      "version": "5.0.3",
      "resolved": "https://registry.npmjs.org/typescript/-/typescript-5.0.3.tgz",
      "integrity": "sha512-xv8mOEDnigb/tN9PSMTwSEqAnUvkoXMQlicOb0IUVDBSQCgBSaAAROUZYy2IcUy5qU6XajK5jjjO7TMWqBTKZA==",
      "bin": {
        "tsc": "bin/tsc",
        "tsserver": "bin/tsserver"
      },
      "engines": {
        "node": ">=12.20"
      }
    },
    "node_modules/which": {
      "version": "2.0.2",
      "resolved": "https://registry.npmjs.org/which/-/which-2.0.2.tgz",
      "integrity": "sha512-BLI3Tl1TW3Pvl70l3yq3Y64i+awpwXqsGBYWkkqMtnbXgrMD+yj7rhW0kuEDxzJaYXGjEW5ogapKNMEKNMjibA==",
      "dependencies": {
        "isexe": "^2.0.0"
      },
      "bin": {
        "node-which": "bin/node-which"
      },
      "engines": {
        "node": ">= 8"
      }
    }
  }
}
